speakeasyVersion: 1.563.4
sources:
    Inkeep Analytics API:
        sourceNamespace: inkeep-analytics-api
        sourceRevisionDigest: sha256:01cb313b4466279b5d2a5ef81eaa706989861b00a1446948b2e125e3f62c8db4
        sourceBlobDigest: sha256:9d79e0db0ce1f5db83d36a55af33cc3a99f03a9f0fcc6c90c810d539c719b159
        tags:
            - latest
            - speakeasy-sdk-regen-1749846173
            - 0.1.1
targets:
    inkeep-analytics:
        source: Inkeep Analytics API
        sourceNamespace: inkeep-analytics-api
        sourceRevisionDigest: sha256:01cb313b4466279b5d2a5ef81eaa706989861b00a1446948b2e125e3f62c8db4
        sourceBlobDigest: sha256:9d79e0db0ce1f5db83d36a55af33cc3a99f03a9f0fcc6c90c810d539c719b159
        codeSamplesNamespace: inkeep-analytics-api-typescript-code-samples
        codeSamplesRevisionDigest: sha256:70b72b02d45766ac52aa179e69eef531eec33741f51c72147b9a87d8f9911635
workflow:
    workflowVersion: 1.0.0
    speakeasyVersion: latest
    sources:
        Inkeep Analytics API:
            inputs:
                - location: https://api.analytics.inkeep.com/openapi.json
            overlays:
                - location: .speakeasy/speakeasy-modifications-overlay.yaml
            registry:
                location: registry.speakeasyapi.dev/inkeep/inkeep/inkeep-analytics-api
    targets:
        inkeep-analytics:
            target: typescript
            source: Inkeep Analytics API
            publish:
                npm:
                    token: $npm_token
            codeSamples:
                registry:
                    location: registry.speakeasyapi.dev/inkeep/inkeep/inkeep-analytics-api-typescript-code-samples
                labelOverride:
                    fixedValue: Typescript (SDK)
                blocking: false
