speakeasyVersion: 1.570.2
sources:
    Dev Inkeep Analytics API:
        sourceNamespace: dev-inkeep-analytics-api
        sourceRevisionDigest: sha256:660d7ee417e650822dbfb72e85d3da55687d48c819ed7bfcab4eb5b180a36f14
        sourceBlobDigest: sha256:fcefc69313edd4b8e9ac31bb0dfa75df34276be557f6935384467a7961d920e3
        tags:
            - latest
            - 0.1.1
    Inkeep Analytics API:
        sourceNamespace: inkeep-analytics-api
        sourceRevisionDigest: sha256:c8c5b84fd310d4a5d0356a98a16a354f24c5ea0dbfcae57a100191d41deb06f2
        sourceBlobDigest: sha256:cb3e38942877353c5ca70f9b51749f67fe94af439903beffbf9b37ccbfd7d2f8
        tags:
            - latest
            - speakeasy-sdk-regen-1749793632
            - 0.1.1
targets:
    dev-inkeep-analytics:
        source: Dev Inkeep Analytics API
        sourceNamespace: dev-inkeep-analytics-api
        sourceRevisionDigest: sha256:660d7ee417e650822dbfb72e85d3da55687d48c819ed7bfcab4eb5b180a36f14
        sourceBlobDigest: sha256:fcefc69313edd4b8e9ac31bb0dfa75df34276be557f6935384467a7961d920e3
        codeSamplesNamespace: inkeep-analytics-api-typescript-code-samples
        codeSamplesRevisionDigest: sha256:756b28afe81bf99b5dce5fa1382bf888172a8fa72fb6238adac5352d0373c6dd
    inkeep-analytics:
        source: Inkeep Analytics API
        sourceNamespace: inkeep-analytics-api
        sourceRevisionDigest: sha256:c8c5b84fd310d4a5d0356a98a16a354f24c5ea0dbfcae57a100191d41deb06f2
        sourceBlobDigest: sha256:cb3e38942877353c5ca70f9b51749f67fe94af439903beffbf9b37ccbfd7d2f8
        codeSamplesNamespace: inkeep-analytics-api-typescript-code-samples
        codeSamplesRevisionDigest: sha256:6f76180d398118501f969d36459f8738e9e31ddaac673570111b5047725bb3e5
workflow:
    workflowVersion: 1.0.0
    speakeasyVersion: latest
    sources:
        Dev Inkeep Analytics API:
            inputs:
                - location: http://localhost:10533/openapi.json
            overlays:
                - location: .speakeasy/speakeasy-modifications-overlay.yaml
            registry:
                location: registry.speakeasyapi.dev/inkeep/inkeep/dev-inkeep-analytics-api
        Inkeep Analytics API:
            inputs:
                - location: https://api.analytics.inkeep.com/openapi.json
            overlays:
                - location: .speakeasy/speakeasy-modifications-overlay.yaml
            registry:
                location: registry.speakeasyapi.dev/inkeep/inkeep/inkeep-analytics-api
    targets:
        dev-inkeep-analytics:
            target: typescript
            source: Dev Inkeep Analytics API
            publish:
                npm:
                    token: $npm_token
            codeSamples:
                registry:
                    location: registry.speakeasyapi.dev/inkeep/inkeep/inkeep-analytics-api-typescript-code-samples
                labelOverride:
                    fixedValue: Typescript (SDK)
                blocking: false
        inkeep-analytics:
            target: typescript
            source: Inkeep Analytics API
            publish:
                npm:
                    token: $npm_token
            codeSamples:
                registry:
                    location: registry.speakeasyapi.dev/inkeep/inkeep/inkeep-analytics-api-typescript-code-samples
                labelOverride:
                    fixedValue: Typescript (SDK)
                blocking: false
